
Microsoft Visual Studio Solution File, Format Version 12.00
# Visual Studio Version 17
VisualStudioVersion = 17.7.34031.279
MinimumVisualStudioVersion = 10.0.40219.1
Project("{FAE04EC0-301F-11D3-BF4B-00C04F79EFBC}") = "Task_1", "Task_1\Task_1.csproj", "{5B540E12-6F72-4E8B-8738-5CDAC5A17F03}"
EndProject
Project("{FAE04EC0-301F-11D3-BF4B-00C04F79EFBC}") = "Task_2", "Task_2\Task_2.csproj", "{A3C0F42C-6C5A-4A2F-ADAC-D42E0F17D2F4}"
EndProject
Project("{FAE04EC0-301F-11D3-BF4B-00C04F79EFBC}") = "Task_3", "Task_3\Task_3.csproj", "{6846020D-057B-4F3D-993B-1880FF766448}"
EndProject
Global
	GlobalSection(SolutionConfigurationPlatforms) = preSolution
		Debug|Any CPU = Debug|Any CPU
		Release|Any CPU = Release|Any CPU
	EndGlobalSection
	GlobalSection(ProjectConfigurationPlatforms) = postSolution
		{5B540E12-6F72-4E8B-8738-5CDAC5A17F03}.Debug|Any CPU.ActiveCfg = Debug|Any CPU
		{5B540E12-6F72-4E8B-8738-5CDAC5A17F03}.Debug|Any CPU.Build.0 = Debug|Any CPU
		{5B540E12-6F72-4E8B-8738-5CDAC5A17F03}.Release|Any CPU.ActiveCfg = Release|Any CPU
		{5B540E12-6F72-4E8B-8738-5CDAC5A17F03}.Release|Any CPU.Build.0 = Release|Any CPU
		{A3C0F42C-6C5A-4A2F-ADAC-D42E0F17D2F4}.Debug|Any CPU.ActiveCfg = Debug|Any CPU
		{A3C0F42C-6C5A-4A2F-ADAC-D42E0F17D2F4}.Debug|Any CPU.Build.0 = Debug|Any CPU
		{A3C0F42C-6C5A-4A2F-ADAC-D42E0F17D2F4}.Release|Any CPU.ActiveCfg = Release|Any CPU
		{A3C0F42C-6C5A-4A2F-ADAC-D42E0F17D2F4}.Release|Any CPU.Build.0 = Release|Any CPU
		{6846020D-057B-4F3D-993B-1880FF766448}.Debug|Any CPU.ActiveCfg = Debug|Any CPU
		{6846020D-057B-4F3D-993B-1880FF766448}.Debug|Any CPU.Build.0 = Debug|Any CPU
		{6846020D-057B-4F3D-993B-1880FF766448}.Release|Any CPU.ActiveCfg = Release|Any CPU
		{6846020D-057B-4F3D-993B-1880FF766448}.Release|Any CPU.Build.0 = Release|Any CPU
	EndGlobalSection
	GlobalSection(SolutionProperties) = preSolution
		HideSolutionNode = FALSE
	EndGlobalSection
	GlobalSection(ExtensibilityGlobals) = postSolution
		SolutionGuid = {00B05069-23EB-4029-9DF8-6FE83B4618F8}
	EndGlobalSection
EndGlobal
