
Microsoft Visual Studio Solution File, Format Version 12.00
# Visual Studio Version 17
VisualStudioVersion = 17.7.34202.233
MinimumVisualStudioVersion = 10.0.40219.1
Project("{FAE04EC0-301F-11D3-BF4B-00C04F79EFBC}") = "Task_1", "Laba_15\Task_1.csproj", "{9F3C0E4F-50D1-4CA2-B09C-17DC2FEB477A}"
EndProject
Project("{FAE04EC0-301F-11D3-BF4B-00C04F79EFBC}") = "Task_2", "Task_2\Task_2.csproj", "{7F904B01-283F-4AAD-8DCF-5AEB7C9A7C8C}"
EndProject
Project("{FAE04EC0-301F-11D3-BF4B-00C04F79EFBC}") = "Task_3", "Task_03\Task_3.csproj", "{5FB13A9D-69FA-4B7B-ACF5-15280E7F537F}"
EndProject
Project("{FAE04EC0-301F-11D3-BF4B-00C04F79EFBC}") = "Task_4", "Task_4\Task_4.csproj", "{D406A40F-1850-402C-9D0E-19D3375A5B14}"
EndProject
Project("{FAE04EC0-301F-11D3-BF4B-00C04F79EFBC}") = "Task_5", "Task_5\Task_5.csproj", "{76DBE30A-37A2-4034-8F2A-EA335014A2B6}"
EndProject
Global
	GlobalSection(SolutionConfigurationPlatforms) = preSolution
		Debug|Any CPU = Debug|Any CPU
		Release|Any CPU = Release|Any CPU
	EndGlobalSection
	GlobalSection(ProjectConfigurationPlatforms) = postSolution
		{9F3C0E4F-50D1-4CA2-B09C-17DC2FEB477A}.Debug|Any CPU.ActiveCfg = Debug|Any CPU
		{9F3C0E4F-50D1-4CA2-B09C-17DC2FEB477A}.Debug|Any CPU.Build.0 = Debug|Any CPU
		{9F3C0E4F-50D1-4CA2-B09C-17DC2FEB477A}.Release|Any CPU.ActiveCfg = Release|Any CPU
		{9F3C0E4F-50D1-4CA2-B09C-17DC2FEB477A}.Release|Any CPU.Build.0 = Release|Any CPU
		{7F904B01-283F-4AAD-8DCF-5AEB7C9A7C8C}.Debug|Any CPU.ActiveCfg = Debug|Any CPU
		{7F904B01-283F-4AAD-8DCF-5AEB7C9A7C8C}.Debug|Any CPU.Build.0 = Debug|Any CPU
		{7F904B01-283F-4AAD-8DCF-5AEB7C9A7C8C}.Release|Any CPU.ActiveCfg = Release|Any CPU
		{7F904B01-283F-4AAD-8DCF-5AEB7C9A7C8C}.Release|Any CPU.Build.0 = Release|Any CPU
		{5FB13A9D-69FA-4B7B-ACF5-15280E7F537F}.Debug|Any CPU.ActiveCfg = Debug|Any CPU
		{5FB13A9D-69FA-4B7B-ACF5-15280E7F537F}.Debug|Any CPU.Build.0 = Debug|Any CPU
		{5FB13A9D-69FA-4B7B-ACF5-15280E7F537F}.Release|Any CPU.ActiveCfg = Release|Any CPU
		{5FB13A9D-69FA-4B7B-ACF5-15280E7F537F}.Release|Any CPU.Build.0 = Release|Any CPU
		{D406A40F-1850-402C-9D0E-19D3375A5B14}.Debug|Any CPU.ActiveCfg = Debug|Any CPU
		{D406A40F-1850-402C-9D0E-19D3375A5B14}.Debug|Any CPU.Build.0 = Debug|Any CPU
		{D406A40F-1850-402C-9D0E-19D3375A5B14}.Release|Any CPU.ActiveCfg = Release|Any CPU
		{D406A40F-1850-402C-9D0E-19D3375A5B14}.Release|Any CPU.Build.0 = Release|Any CPU
		{76DBE30A-37A2-4034-8F2A-EA335014A2B6}.Debug|Any CPU.ActiveCfg = Debug|Any CPU
		{76DBE30A-37A2-4034-8F2A-EA335014A2B6}.Debug|Any CPU.Build.0 = Debug|Any CPU
		{76DBE30A-37A2-4034-8F2A-EA335014A2B6}.Release|Any CPU.ActiveCfg = Release|Any CPU
		{76DBE30A-37A2-4034-8F2A-EA335014A2B6}.Release|Any CPU.Build.0 = Release|Any CPU
	EndGlobalSection
	GlobalSection(SolutionProperties) = preSolution
		HideSolutionNode = FALSE
	EndGlobalSection
	GlobalSection(ExtensibilityGlobals) = postSolution
		SolutionGuid = {ADAC146D-42B7-4370-B2EA-3E908D4B551F}
	EndGlobalSection
EndGlobal
