
Microsoft Visual Studio Solution File, Format Version 12.00
# Visual Studio Version 17
VisualStudioVersion = 17.7.34031.279
MinimumVisualStudioVersion = 10.0.40219.1
Project("{FAE04EC0-301F-11D3-BF4B-00C04F79EFBC}") = "Task_1", "Task_1\Task_1.csproj", "{8A72628E-296E-443A-AEC1-FAFEA019CD0A}"
EndProject
Project("{FAE04EC0-301F-11D3-BF4B-00C04F79EFBC}") = "Task_2", "Task_2\Task_2.csproj", "{90D3D28C-84CE-43F9-BDBA-7020D6487ECC}"
EndProject
Project("{FAE04EC0-301F-11D3-BF4B-00C04F79EFBC}") = "Task_3", "Task_3\Task_3.csproj", "{DEF4D651-78F3-4F6C-8D0B-B1988E78535B}"
EndProject
Global
	GlobalSection(SolutionConfigurationPlatforms) = preSolution
		Debug|Any CPU = Debug|Any CPU
		Release|Any CPU = Release|Any CPU
	EndGlobalSection
	GlobalSection(ProjectConfigurationPlatforms) = postSolution
		{8A72628E-296E-443A-AEC1-FAFEA019CD0A}.Debug|Any CPU.ActiveCfg = Debug|Any CPU
		{8A72628E-296E-443A-AEC1-FAFEA019CD0A}.Debug|Any CPU.Build.0 = Debug|Any CPU
		{8A72628E-296E-443A-AEC1-FAFEA019CD0A}.Release|Any CPU.ActiveCfg = Release|Any CPU
		{8A72628E-296E-443A-AEC1-FAFEA019CD0A}.Release|Any CPU.Build.0 = Release|Any CPU
		{90D3D28C-84CE-43F9-BDBA-7020D6487ECC}.Debug|Any CPU.ActiveCfg = Debug|Any CPU
		{90D3D28C-84CE-43F9-BDBA-7020D6487ECC}.Debug|Any CPU.Build.0 = Debug|Any CPU
		{90D3D28C-84CE-43F9-BDBA-7020D6487ECC}.Release|Any CPU.ActiveCfg = Release|Any CPU
		{90D3D28C-84CE-43F9-BDBA-7020D6487ECC}.Release|Any CPU.Build.0 = Release|Any CPU
		{DEF4D651-78F3-4F6C-8D0B-B1988E78535B}.Debug|Any CPU.ActiveCfg = Debug|Any CPU
		{DEF4D651-78F3-4F6C-8D0B-B1988E78535B}.Debug|Any CPU.Build.0 = Debug|Any CPU
		{DEF4D651-78F3-4F6C-8D0B-B1988E78535B}.Release|Any CPU.ActiveCfg = Release|Any CPU
		{DEF4D651-78F3-4F6C-8D0B-B1988E78535B}.Release|Any CPU.Build.0 = Release|Any CPU
	EndGlobalSection
	GlobalSection(SolutionProperties) = preSolution
		HideSolutionNode = FALSE
	EndGlobalSection
	GlobalSection(ExtensibilityGlobals) = postSolution
		SolutionGuid = {3936DA9E-65AD-4659-B046-09C6AFB2470B}
	EndGlobalSection
EndGlobal
